{
  "lockfileVersion": 1,
  "workspaces": {
    "": {
      "name": "zap-monorepo",
      "devDependencies": {
        "turbo": "^1.12.0",
        "typescript": "^5.3.0",
      },
    },
  },
  "packages": {
    "turbo": ["turbo@1.13.4", "", { "optionalDependencies": { "turbo-darwin-64": "1.13.4", "turbo-darwin-arm64": "1.13.4", "turbo-linux-64": "1.13.4", "turbo-linux-arm64": "1.13.4", "turbo-windows-64": "1.13.4", "turbo-windows-arm64": "1.13.4" }, "bin": { "turbo": "bin/turbo" } }, "sha512-1q7+9UJABuBAHrcC4Sxp5lOqYS5mvxRrwa33wpIyM18hlOCpRD/fTJNxZ0vhbMcJmz15o9kkVm743mPn7p6jpQ=="],

    "turbo-darwin-64": ["turbo-darwin-64@1.13.4", "", { "os": "darwin", "cpu": "x64" }, "sha512-A0eKd73R7CGnRinTiS7txkMElg+R5rKFp9HV7baDiEL4xTG1FIg/56Vm7A5RVgg8UNgG2qNnrfatJtb+dRmNdw=="],

    "turbo-darwin-arm64": ["turbo-darwin-arm64@1.13.4", "", { "os": "darwin", "cpu": "arm64" }, "sha512-eG769Q0NF6/Vyjsr3mKCnkG/eW6dKMBZk6dxWOdrHfrg6QgfkBUk0WUUujzdtVPiUIvsh4l46vQrNVd9EOtbyA=="],

    "turbo-linux-64": ["turbo-linux-64@1.13.4", "", { "os": "linux", "cpu": "x64" }, "sha512-Bq0JphDeNw3XEi+Xb/e4xoKhs1DHN7OoLVUbTIQz+gazYjigVZvtwCvgrZI7eW9Xo1eOXM2zw2u1DGLLUfmGkQ=="],

    "turbo-linux-arm64": ["turbo-linux-arm64@1.13.4", "", { "os": "linux", "cpu": "arm64" }, "sha512-BJcXw1DDiHO/okYbaNdcWN6szjXyHWx9d460v6fCHY65G8CyqGU3y2uUTPK89o8lq/b2C8NK0yZD+Vp0f9VoIg=="],

    "turbo-windows-64": ["turbo-windows-64@1.13.4", "", { "os": "win32", "cpu": "x64" }, "sha512-OFFhXHOFLN7A78vD/dlVuuSSVEB3s9ZBj18Tm1hk3aW1HTWTuAw0ReN6ZNlVObZUHvGy8d57OAGGxf2bT3etQw=="],

    "turbo-windows-arm64": ["turbo-windows-arm64@1.13.4", "", { "os": "win32", "cpu": "arm64" }, "sha512-u5A+VOKHswJJmJ8o8rcilBfU5U3Y1TTAfP9wX8bFh8teYF1ghP0EhtMRLjhtp6RPa+XCxHHVA2CiC3gbh5eg5g=="],

    "typescript": ["typescript@5.9.3", "", { "bin": { "tsc": "bin/tsc", "tsserver": "bin/tsserver" } }, "sha512-jl1vZzPDinLr9eUt3J/t7V6FgNEw9QjvBPdysz9KfQDD41fQrC2Y4vKQdiaUpFT4bXlb1RHhLpp8wtm6M5TgSw=="],
  }
}
